
Microsoft Visual Studio Solution File, Format Version 12.00
# Visual Studio 15
VisualStudioVersion = 15.0.26403.7
MinimumVisualStudioVersion = 10.0.40219.1
Project("{FAE04EC0-301F-11D3-BF4B-00C04F79EFBC}") = "ServiceAPI", "WebstoreServiceLibrary\ServiceAPI.csproj", "{A0553F0A-2856-44A4-9B1D-4A4897B722C8}"
EndProject
Project("{FAE04EC0-301F-11D3-BF4B-00C04F79EFBC}") = "ServiceClient", "WPFWebstoreClient\ServiceClient.csproj", "{091C0DC5-7777-4FAB-8878-B27586B056C7}"
EndProject
Project("{FAE04EC0-301F-11D3-BF4B-00C04F79EFBC}") = "ServiceHost", "WebstoreServiceHost\ServiceHost.csproj", "{48C823C0-F337-4D40-855E-717234A03800}"
EndProject
Global
	GlobalSection(SolutionConfigurationPlatforms) = preSolution
		Debug|Any CPU = Debug|Any CPU
		Release|Any CPU = Release|Any CPU
	EndGlobalSection
	GlobalSection(ProjectConfigurationPlatforms) = postSolution
		{A0553F0A-2856-44A4-9B1D-4A4897B722C8}.Debug|Any CPU.ActiveCfg = Debug|Any CPU
		{A0553F0A-2856-44A4-9B1D-4A4897B722C8}.Debug|Any CPU.Build.0 = Debug|Any CPU
		{A0553F0A-2856-44A4-9B1D-4A4897B722C8}.Release|Any CPU.ActiveCfg = Release|Any CPU
		{A0553F0A-2856-44A4-9B1D-4A4897B722C8}.Release|Any CPU.Build.0 = Release|Any CPU
		{091C0DC5-7777-4FAB-8878-B27586B056C7}.Debug|Any CPU.ActiveCfg = Debug|Any CPU
		{091C0DC5-7777-4FAB-8878-B27586B056C7}.Debug|Any CPU.Build.0 = Debug|Any CPU
		{091C0DC5-7777-4FAB-8878-B27586B056C7}.Release|Any CPU.ActiveCfg = Release|Any CPU
		{091C0DC5-7777-4FAB-8878-B27586B056C7}.Release|Any CPU.Build.0 = Release|Any CPU
		{48C823C0-F337-4D40-855E-717234A03800}.Debug|Any CPU.ActiveCfg = Debug|Any CPU
		{48C823C0-F337-4D40-855E-717234A03800}.Debug|Any CPU.Build.0 = Debug|Any CPU
		{48C823C0-F337-4D40-855E-717234A03800}.Release|Any CPU.ActiveCfg = Release|Any CPU
		{48C823C0-F337-4D40-855E-717234A03800}.Release|Any CPU.Build.0 = Release|Any CPU
	EndGlobalSection
	GlobalSection(SolutionProperties) = preSolution
		HideSolutionNode = FALSE
	EndGlobalSection
EndGlobal
